
Microsoft Visual Studio Solution File, Format Version 12.00
Project("{FAE04EC0-301F-11D3-BF4B-00C04F79EFBC}") = "BLL", "BLL\BLL.csproj", "{834CE196-3408-4F0D-A7B9-80954AA930FF}"
EndProject
Project("{FAE04EC0-301F-11D3-BF4B-00C04F79EFBC}") = "DAL", "DAL\DAL.csproj", "{66EFB0DD-D8B0-4BFF-8802-DD5C3FFAB255}"
EndProject
Project("{FAE04EC0-301F-11D3-BF4B-00C04F79EFBC}") = "RL", "RL\RL.csproj", "{3F5EC8E5-6E6B-446F-A0D8-7877905951AD}"
EndProject
Global
	GlobalSection(SolutionConfigurationPlatforms) = preSolution
		Debug|Any CPU = Debug|Any CPU
		Release|Any CPU = Release|Any CPU
	EndGlobalSection
	GlobalSection(ProjectConfigurationPlatforms) = postSolution
		{834CE196-3408-4F0D-A7B9-80954AA930FF}.Debug|Any CPU.ActiveCfg = Debug|Any CPU
		{834CE196-3408-4F0D-A7B9-80954AA930FF}.Debug|Any CPU.Build.0 = Debug|Any CPU
		{834CE196-3408-4F0D-A7B9-80954AA930FF}.Release|Any CPU.ActiveCfg = Release|Any CPU
		{834CE196-3408-4F0D-A7B9-80954AA930FF}.Release|Any CPU.Build.0 = Release|Any CPU
		{66EFB0DD-D8B0-4BFF-8802-DD5C3FFAB255}.Debug|Any CPU.ActiveCfg = Debug|Any CPU
		{66EFB0DD-D8B0-4BFF-8802-DD5C3FFAB255}.Debug|Any CPU.Build.0 = Debug|Any CPU
		{66EFB0DD-D8B0-4BFF-8802-DD5C3FFAB255}.Release|Any CPU.ActiveCfg = Release|Any CPU
		{66EFB0DD-D8B0-4BFF-8802-DD5C3FFAB255}.Release|Any CPU.Build.0 = Release|Any CPU
		{3F5EC8E5-6E6B-446F-A0D8-7877905951AD}.Debug|Any CPU.ActiveCfg = Debug|Any CPU
		{3F5EC8E5-6E6B-446F-A0D8-7877905951AD}.Debug|Any CPU.Build.0 = Debug|Any CPU
		{3F5EC8E5-6E6B-446F-A0D8-7877905951AD}.Release|Any CPU.ActiveCfg = Release|Any CPU
		{3F5EC8E5-6E6B-446F-A0D8-7877905951AD}.Release|Any CPU.Build.0 = Release|Any CPU
	EndGlobalSection
EndGlobal
